// !$*UTF8*$!
{
	archiveVersion = 1;
	classes = {
	};
	objectVersion = 46;
	objects = {

/* Begin PBXBuildFile section */
		4C4696191CC9D3570026159C /* AppDelegate.m in Sources */ = {isa = PBXBuildFile; fileRef = 4C4696181CC9D3570026159C /* AppDelegate.m */; };
		4C46961C1CC9D3570026159C /* main.m in Sources */ = {isa = PBXBuildFile; fileRef = 4C46961B1CC9D3570026159C /* main.m */; };
		4C46961F1CC9D3570026159C /* ViewController.m in Sources */ = {isa = PBXBuildFile; fileRef = 4C46961E1CC9D3570026159C /* ViewController.m */; };
		4C4696211CC9D3570026159C /* Assets.xcassets in Resources */ = {isa = PBXBuildFile; fileRef = 4C4696201CC9D3570026159C /* Assets.xcassets */; };
		4C4696241CC9D3570026159C /* Main.storyboard in Resources */ = {isa = PBXBuildFile; fileRef = 4C4696221CC9D3570026159C /* Main.storyboard */; };
		4C4696301CC9E82E0026159C /* foosballHandle.png in Resources */ = {isa = PBXBuildFile; fileRef = 4C46962F1CC9E82E0026159C /* foosballHandle.png */; };
		4C4696331CC9F3930026159C /* IOKit.framework in Frameworks */ = {isa = PBXBuildFile; fileRef = 4C4696321CC9F3930026159C /* IOKit.framework */; };
		4CCC12861CCD93CF00AF68E7 /* ORSSerialBuffer.m in Sources */ = {isa = PBXBuildFile; fileRef = 4CCC127D1CCD93CF00AF68E7 /* ORSSerialBuffer.m */; };
		4CCC12871CCD93CF00AF68E7 /* ORSSerialPacketDescriptor.m in Sources */ = {isa = PBXBuildFile; fileRef = 4CCC127F1CCD93CF00AF68E7 /* ORSSerialPacketDescriptor.m */; };
		4CCC12881CCD93CF00AF68E7 /* ORSSerialPort.m in Sources */ = {isa = PBXBuildFile; fileRef = 4CCC12811CCD93CF00AF68E7 /* ORSSerialPort.m */; };
		4CCC12891CCD93CF00AF68E7 /* ORSSerialPortManager.m in Sources */ = {isa = PBXBuildFile; fileRef = 4CCC12831CCD93CF00AF68E7 /* ORSSerialPortManager.m */; };
		4CCC128A1CCD93CF00AF68E7 /* ORSSerialRequest.m in Sources */ = {isa = PBXBuildFile; fileRef = 4CCC12851CCD93CF00AF68E7 /* ORSSerialRequest.m */; };
/* End PBXBuildFile section */

/* Begin PBXFileReference section */
		4C4696141CC9D3570026159C /* FoosballController.app */ = {isa = PBXFileReference; explicitFileType = wrapper.application; includeInIndex = 0; path = FoosballController.app; sourceTree = BUILT_PRODUCTS_DIR; };
		4C4696171CC9D3570026159C /* AppDelegate.h */ = {isa = PBXFileReference; lastKnownFileType = sourcecode.c.h; path = AppDelegate.h; sourceTree = "<group>"; };
		4C4696181CC9D3570026159C /* AppDelegate.m */ = {isa = PBXFileReference; lastKnownFileType = sourcecode.c.objc; path = AppDelegate.m; sourceTree = "<group>"; };
		4C46961B1CC9D3570026159C /* main.m */ = {isa = PBXFileReference; lastKnownFileType = sourcecode.c.objc; path = main.m; sourceTree = "<group>"; };
		4C46961D1CC9D3570026159C /* ViewController.h */ = {isa = PBXFileReference; lastKnownFileType = sourcecode.c.h; path = ViewController.h; sourceTree = "<group>"; };
		4C46961E1CC9D3570026159C /* ViewController.m */ = {isa = PBXFileReference; lastKnownFileType = sourcecode.c.objc; path = ViewController.m; sourceTree = "<group>"; };
		4C4696201CC9D3570026159C /* Assets.xcassets */ = {isa = PBXFileReference; lastKnownFileType = folder.assetcatalog; path = Assets.xcassets; sourceTree = "<group>"; };
		4C4696231CC9D3570026159C /* Base */ = {isa = PBXFileReference; lastKnownFileType = file.storyboard; name = Base; path = Base.lproj/Main.storyboard; sourceTree = "<group>"; };
		4C4696251CC9D3570026159C /* Info.plist */ = {isa = PBXFileReference; lastKnownFileType = text.plist.xml; path = Info.plist; sourceTree = "<group>"; };
		4C46962F1CC9E82E0026159C /* foosballHandle.png */ = {isa = PBXFileReference; lastKnownFileType = image.png; path = foosballHandle.png; sourceTree = "<group>"; };
		4C4696321CC9F3930026159C /* IOKit.framework */ = {isa = PBXFileReference; lastKnownFileType = wrapper.framework; name = IOKit.framework; path = System/Library/Frameworks/IOKit.framework; sourceTree = SDKROOT; };
		4CCC127C1CCD93CF00AF68E7 /* ORSSerialBuffer.h */ = {isa = PBXFileReference; fileEncoding = 4; lastKnownFileType = sourcecode.c.h; path = ORSSerialBuffer.h; sourceTree = "<group>"; };
		4CCC127D1CCD93CF00AF68E7 /* ORSSerialBuffer.m */ = {isa = PBXFileReference; fileEncoding = 4; lastKnownFileType = sourcecode.c.objc; path = ORSSerialBuffer.m; sourceTree = "<group>"; };
		4CCC127E1CCD93CF00AF68E7 /* ORSSerialPacketDescriptor.h */ = {isa = PBXFileReference; fileEncoding = 4; lastKnownFileType = sourcecode.c.h; path = ORSSerialPacketDescriptor.h; sourceTree = "<group>"; };
		4CCC127F1CCD93CF00AF68E7 /* ORSSerialPacketDescriptor.m */ = {isa = PBXFileReference; fileEncoding = 4; lastKnownFileType = sourcecode.c.objc; path = ORSSerialPacketDescriptor.m; sourceTree = "<group>"; };
		4CCC12801CCD93CF00AF68E7 /* ORSSerialPort.h */ = {isa = PBXFileReference; fileEncoding = 4; lastKnownFileType = sourcecode.c.h; path = ORSSerialPort.h; sourceTree = "<group>"; };
		4CCC12811CCD93CF00AF68E7 /* ORSSerialPort.m */ = {isa = PBXFileReference; fileEncoding = 4; lastKnownFileType = sourcecode.c.objc; path = ORSSerialPort.m; sourceTree = "<group>"; };
		4CCC12821CCD93CF00AF68E7 /* ORSSerialPortManager.h */ = {isa = PBXFileReference; fileEncoding = 4; lastKnownFileType = sourcecode.c.h; path = ORSSerialPortManager.h; sourceTree = "<group>"; };
		4CCC12831CCD93CF00AF68E7 /* ORSSerialPortManager.m */ = {isa = PBXFileReference; fileEncoding = 4; lastKnownFileType = sourcecode.c.objc; path = ORSSerialPortManager.m; sourceTree = "<group>"; };
		4CCC12841CCD93CF00AF68E7 /* ORSSerialRequest.h */ = {isa = PBXFileReference; fileEncoding = 4; lastKnownFileType = sourcecode.c.h; path = ORSSerialRequest.h; sourceTree = "<group>"; };
		4CCC12851CCD93CF00AF68E7 /* ORSSerialRequest.m */ = {isa = PBXFileReference; fileEncoding = 4; lastKnownFileType = sourcecode.c.objc; path = ORSSerialRequest.m; sourceTree = "<group>"; };
/* End PBXFileReference section */

/* Begin PBXFrameworksBuildPhase section */
		4C4696111CC9D3570026159C /* Frameworks */ = {
			isa = PBXFrameworksBuildPhase;
			buildActionMask = 2147483647;
			files = (
				4C4696331CC9F3930026159C /* IOKit.framework in Frameworks */,
			);
			runOnlyForDeploymentPostprocessing = 0;
		};
/* End PBXFrameworksBuildPhase section */

/* Begin PBXGroup section */
		4C46960B1CC9D3570026159C = {
			isa = PBXGroup;
			children = (
				4C4696161CC9D3570026159C /* FoosballController */,
				4C4696341CC9F3990026159C /* Frameworks */,
				4C4696151CC9D3570026159C /* Products */,
			);
			sourceTree = "<group>";
		};
		4C4696151CC9D3570026159C /* Products */ = {
			isa = PBXGroup;
			children = (
				4C4696141CC9D3570026159C /* FoosballController.app */,
			);
			name = Products;
			sourceTree = "<group>";
		};
		4C4696161CC9D3570026159C /* FoosballController */ = {
			isa = PBXGroup;
			children = (
				4C4696451CC9F40C0026159C /* delegate */,
				4C46961D1CC9D3570026159C /* ViewController.h */,
				4C46961E1CC9D3570026159C /* ViewController.m */,
				4C4696221CC9D3570026159C /* Main.storyboard */,
				4C4696351CC9F3C90026159C /* ORSSerialPort */,
				4C46961A1CC9D3570026159C /* Supporting Files */,
			);
			path = FoosballController;
			sourceTree = "<group>";
		};
		4C46961A1CC9D3570026159C /* Supporting Files */ = {
			isa = PBXGroup;
			children = (
				4C46962F1CC9E82E0026159C /* foosballHandle.png */,
				4C4696201CC9D3570026159C /* Assets.xcassets */,
				4C4696251CC9D3570026159C /* Info.plist */,
				4C46961B1CC9D3570026159C /* main.m */,
			);
			name = "Supporting Files";
			sourceTree = "<group>";
		};
		4C4696341CC9F3990026159C /* Frameworks */ = {
			isa = PBXGroup;
			children = (
				4C4696321CC9F3930026159C /* IOKit.framework */,
			);
			name = Frameworks;
			sourceTree = "<group>";
		};
		4C4696351CC9F3C90026159C /* ORSSerialPort */ = {
			isa = PBXGroup;
			children = (
				4CCC127C1CCD93CF00AF68E7 /* ORSSerialBuffer.h */,
				4CCC127D1CCD93CF00AF68E7 /* ORSSerialBuffer.m */,
				4CCC127E1CCD93CF00AF68E7 /* ORSSerialPacketDescriptor.h */,
				4CCC127F1CCD93CF00AF68E7 /* ORSSerialPacketDescriptor.m */,
				4CCC12801CCD93CF00AF68E7 /* ORSSerialPort.h */,
				4CCC12811CCD93CF00AF68E7 /* ORSSerialPort.m */,
				4CCC12821CCD93CF00AF68E7 /* ORSSerialPortManager.h */,
				4CCC12831CCD93CF00AF68E7 /* ORSSerialPortManager.m */,
				4CCC12841CCD93CF00AF68E7 /* ORSSerialRequest.h */,
				4CCC12851CCD93CF00AF68E7 /* ORSSerialRequest.m */,
			);
			name = ORSSerialPort;
			sourceTree = "<group>";
		};
		4C4696451CC9F40C0026159C /* delegate */ = {
			isa = PBXGroup;
			children = (
				4C4696171CC9D3570026159C /* AppDelegate.h */,
				4C4696181CC9D3570026159C /* AppDelegate.m */,
			);
			name = delegate;
			sourceTree = "<group>";
		};
/* End PBXGroup section */

/* Begin PBXNativeTarget section */
		4C4696131CC9D3570026159C /* FoosballController */ = {
			isa = PBXNativeTarget;
			buildConfigurationList = 4C4696281CC9D3570026159C /* Build configuration list for PBXNativeTarget "FoosballController" */;
			buildPhases = (
				4C4696101CC9D3570026159C /* Sources */,
				4C4696111CC9D3570026159C /* Frameworks */,
				4C4696121CC9D3570026159C /* Resources */,
			);
			buildRules = (
			);
			dependencies = (
			);
			name = FoosballController;
			productName = FoosballController;
			productReference = 4C4696141CC9D3570026159C /* FoosballController.app */;
			productType = "com.apple.product-type.application";
		};
/* End PBXNativeTarget section */

/* Begin PBXProject section */
		4C46960C1CC9D3570026159C /* Project object */ = {
			isa = PBXProject;
			attributes = {
				LastUpgradeCheck = 0730;
				ORGANIZATIONNAME = "Michael Ozeryansky";
				TargetAttributes = {
					4C4696131CC9D3570026159C = {
						CreatedOnToolsVersion = 7.3;
					};
				};
			};
			buildConfigurationList = 4C46960F1CC9D3570026159C /* Build configuration list for PBXProject "FoosballController" */;
			compatibilityVersion = "Xcode 3.2";
			developmentRegion = English;
			hasScannedForEncodings = 0;
			knownRegions = (
				en,
				Base,
			);
			mainGroup = 4C46960B1CC9D3570026159C;
			productRefGroup = 4C4696151CC9D3570026159C /* Products */;
			projectDirPath = "";
			projectRoot = "";
			targets = (
				4C4696131CC9D3570026159C /* FoosballController */,
			);
		};
/* End PBXProject section */

/* Begin PBXResourcesBuildPhase section */
		4C4696121CC9D3570026159C /* Resources */ = {
			isa = PBXResourcesBuildPhase;
			buildActionMask = 2147483647;
			files = (
				4C4696211CC9D3570026159C /* Assets.xcassets in Resources */,
				4C4696241CC9D3570026159C /* Main.storyboard in Resources */,
				4C4696301CC9E82E0026159C /* foosballHandle.png in Resources */,
			);
			runOnlyForDeploymentPostprocessing = 0;
		};
/* End PBXResourcesBuildPhase section */

/* Begin PBXSourcesBuildPhase section */
		4C4696101CC9D3570026159C /* Sources */ = {
			isa = PBXSourcesBuildPhase;
			buildActionMask = 2147483647;
			files = (
				4C46961F1CC9D3570026159C /* ViewController.m in Sources */,
				4C46961C1CC9D3570026159C /* main.m in Sources */,
				4CCC128A1CCD93CF00AF68E7 /* ORSSerialRequest.m in Sources */,
				4CCC12871CCD93CF00AF68E7 /* ORSSerialPacketDescriptor.m in Sources */,
				4CCC12881CCD93CF00AF68E7 /* ORSSerialPort.m in Sources */,
				4CCC12861CCD93CF00AF68E7 /* ORSSerialBuffer.m in Sources */,
				4CCC12891CCD93CF00AF68E7 /* ORSSerialPortManager.m in Sources */,
				4C4696191CC9D3570026159C /* AppDelegate.m in Sources */,
			);
			runOnlyForDeploymentPostprocessing = 0;
		};
/* End PBXSourcesBuildPhase section */

/* Begin PBXVariantGroup section */
		4C4696221CC9D3570026159C /* Main.storyboard */ = {
			isa = PBXVariantGroup;
			children = (
				4C4696231CC9D3570026159C /* Base */,
			);
			name = Main.storyboard;
			sourceTree = "<group>";
		};
/* End PBXVariantGroup section */

/* Begin XCBuildConfiguration section */
		4C4696261CC9D3570026159C /* Debug */ = {
			isa = XCBuildConfiguration;
			buildSettings = {
				ALWAYS_SEARCH_USER_PATHS = NO;
				CLANG_ANALYZER_NONNULL = YES;
				CLANG_CXX_LANGUAGE_STANDARD = "gnu++0x";
				CLANG_CXX_LIBRARY = "libc++";
				CLANG_ENABLE_MODULES = YES;
				CLANG_ENABLE_OBJC_ARC = YES;
				CLANG_WARN_BOOL_CONVERSION = YES;
				CLANG_WARN_CONSTANT_CONVERSION = YES;
				CLANG_WARN_DIRECT_OBJC_ISA_USAGE = YES_ERROR;
				CLANG_WARN_EMPTY_BODY = YES;
				CLANG_WARN_ENUM_CONVERSION = YES;
				CLANG_WARN_INT_CONVERSION = YES;
				CLANG_WARN_OBJC_ROOT_CLASS = YES_ERROR;
				CLANG_WARN_UNREACHABLE_CODE = YES;
				CLANG_WARN__DUPLICATE_METHOD_MATCH = YES;
				CODE_SIGN_IDENTITY = "-";
				COPY_PHASE_STRIP = NO;
				DEBUG_INFORMATION_FORMAT = dwarf;
				ENABLE_STRICT_OBJC_MSGSEND = YES;
				ENABLE_TESTABILITY = YES;
				GCC_C_LANGUAGE_STANDARD = gnu99;
				GCC_DYNAMIC_NO_PIC = NO;
				GCC_NO_COMMON_BLOCKS = YES;
				GCC_OPTIMIZATION_LEVEL = 0;
				GCC_PREPROCESSOR_DEFINITIONS = (
					"DEBUG=1",
					"$(inherited)",
				);
				GCC_WARN_64_TO_32_BIT_CONVERSION = YES;
				GCC_WARN_ABOUT_RETURN_TYPE = YES_ERROR;
				GCC_WARN_UNDECLARED_SELECTOR = YES;
				GCC_WARN_UNINITIALIZED_AUTOS = YES_AGGRESSIVE;
				GCC_WARN_UNUSED_FUNCTION = YES;
				GCC_WARN_UNUSED_VARIABLE = YES;
				MACOSX_DEPLOYMENT_TARGET = 10.11;
				MTL_ENABLE_DEBUG_INFO = YES;
				ONLY_ACTIVE_ARCH = YES;
				SDKROOT = macosx;
			};
			name = Debug;
		};
		4C4696271CC9D3570026159C /* Release */ = {
			isa = XCBuildConfiguration;
			buildSettings = {
				ALWAYS_SEARCH_USER_PATHS = NO;
				CLANG_ANALYZER_NONNULL = YES;
				CLANG_CXX_LANGUAGE_STANDARD = "gnu++0x";
				CLANG_CXX_LIBRARY = "libc++";
				CLANG_ENABLE_MODULES = YES;
				CLANG_ENABLE_OBJC_ARC = YES;
				CLANG_WARN_BOOL_CONVERSION = YES;
				CLANG_WARN_CONSTANT_CONVERSION = YES;
				CLANG_WARN_DIRECT_OBJC_ISA_USAGE = YES_ERROR;
				CLANG_WARN_EMPTY_BODY = YES;
				CLANG_WARN_ENUM_CONVERSION = YES;
				CLANG_WARN_INT_CONVERSION = YES;
				CLANG_WARN_OBJC_ROOT_CLASS = YES_ERROR;
				CLANG_WARN_UNREACHABLE_CODE = YES;
				CLANG_WARN__DUPLICATE_METHOD_MATCH = YES;
				CODE_SIGN_IDENTITY = "-";
				COPY_PHASE_STRIP = NO;
				DEBUG_INFORMATION_FORMAT = "dwarf-with-dsym";
				ENABLE_NS_ASSERTIONS = NO;
				ENABLE_STRICT_OBJC_MSGSEND = YES;
				GCC_C_LANGUAGE_STANDARD = gnu99;
				GCC_NO_COMMON_BLOCKS = YES;
				GCC_WARN_64_TO_32_BIT_CONVERSION = YES;
				GCC_WARN_ABOUT_RETURN_TYPE = YES_ERROR;
				GCC_WARN_UNDECLARED_SELECTOR = YES;
				GCC_WARN_UNINITIALIZED_AUTOS = YES_AGGRESSIVE;
				GCC_WARN_UNUSED_FUNCTION = YES;
				GCC_WARN_UNUSED_VARIABLE = YES;
				MACOSX_DEPLOYMENT_TARGET = 10.11;
				MTL_ENABLE_DEBUG_INFO = NO;
				SDKROOT = macosx;
			};
			name = Release;
		};
		4C4696291CC9D3570026159C /* Debug */ = {
			isa = XCBuildConfiguration;
			buildSettings = {
				ASSETCATALOG_COMPILER_APPICON_NAME = AppIcon;
				COMBINE_HIDPI_IMAGES = YES;
				INFOPLIST_FILE = FoosballController/Info.plist;
				LD_RUNPATH_SEARCH_PATHS = "$(inherited) @executable_path/../Frameworks";
				PRODUCT_BUNDLE_IDENTIFIER = com.ozeryansky.FoosballController;
				PRODUCT_NAME = "$(TARGET_NAME)";
			};
			name = Debug;
		};
		4C46962A1CC9D3570026159C /* Release */ = {
			isa = XCBuildConfiguration;
			buildSettings = {
				ASSETCATALOG_COMPILER_APPICON_NAME = AppIcon;
				COMBINE_HIDPI_IMAGES = YES;
				INFOPLIST_FILE = FoosballController/Info.plist;
				LD_RUNPATH_SEARCH_PATHS = "$(inherited) @executable_path/../Frameworks";
				PRODUCT_BUNDLE_IDENTIFIER = com.ozeryansky.FoosballController;
				PRODUCT_NAME = "$(TARGET_NAME)";
			};
			name = Release;
		};
/* End XCBuildConfiguration section */

/* Begin XCConfigurationList section */
		4C46960F1CC9D3570026159C /* Build configuration list for PBXProject "FoosballController" */ = {
			isa = XCConfigurationList;
			buildConfigurations = (
				4C4696261CC9D3570026159C /* Debug */,
				4C4696271CC9D3570026159C /* Release */,
			);
			defaultConfigurationIsVisible = 0;
			defaultConfigurationName = Release;
		};
		4C4696281CC9D3570026159C /* Build configuration list for PBXNativeTarget "FoosballController" */ = {
			isa = XCConfigurationList;
			buildConfigurations = (
				4C4696291CC9D3570026159C /* Debug */,
				4C46962A1CC9D3570026159C /* Release */,
			);
			defaultConfigurationIsVisible = 0;
			defaultConfigurationName = Release;
		};
/* End XCConfigurationList section */
	};
	rootObject = 4C46960C1CC9D3570026159C /* Project object */;
}
