// !$*UTF8*$!
{
	archiveVersion = 1;
	classes = {
	};
	objectVersion = 46;
	objects = {

/* Begin PBXBuildFile section */
		4C867A551CC0FC0D00C5115B /* opencv2.framework in Frameworks */ = {isa = PBXBuildFile; fileRef = 4C867A541CC0FC0D00C5115B /* opencv2.framework */; };
		4CFCEC2B1CC0D9A300621DE6 /* main.m in Sources */ = {isa = PBXBuildFile; fileRef = 4CFCEC2A1CC0D9A300621DE6 /* main.m */; };
		4CFCEC2E1CC0D9A300621DE6 /* AppDelegate.m in Sources */ = {isa = PBXBuildFile; fileRef = 4CFCEC2D1CC0D9A300621DE6 /* AppDelegate.m */; };
		4CFCEC311CC0D9A300621DE6 /* ViewController.m in Sources */ = {isa = PBXBuildFile; fileRef = 4CFCEC301CC0D9A300621DE6 /* ViewController.m */; };
		4CFCEC361CC0D9A300621DE6 /* Assets.xcassets in Resources */ = {isa = PBXBuildFile; fileRef = 4CFCEC351CC0D9A300621DE6 /* Assets.xcassets */; };
		4CFCEC391CC0D9A300621DE6 /* LaunchScreen.storyboard in Resources */ = {isa = PBXBuildFile; fileRef = 4CFCEC371CC0D9A300621DE6 /* LaunchScreen.storyboard */; };
/* End PBXBuildFile section */

/* Begin PBXFileReference section */
		4C867A541CC0FC0D00C5115B /* opencv2.framework */ = {isa = PBXFileReference; lastKnownFileType = wrapper.framework; path = opencv2.framework; sourceTree = "<group>"; };
		4CFCEC261CC0D9A300621DE6 /* FoosballController.app */ = {isa = PBXFileReference; explicitFileType = wrapper.application; includeInIndex = 0; path = FoosballController.app; sourceTree = BUILT_PRODUCTS_DIR; };
		4CFCEC2A1CC0D9A300621DE6 /* main.m */ = {isa = PBXFileReference; lastKnownFileType = sourcecode.c.objc; path = main.m; sourceTree = "<group>"; };
		4CFCEC2C1CC0D9A300621DE6 /* AppDelegate.h */ = {isa = PBXFileReference; lastKnownFileType = sourcecode.c.h; path = AppDelegate.h; sourceTree = "<group>"; };
		4CFCEC2D1CC0D9A300621DE6 /* AppDelegate.m */ = {isa = PBXFileReference; lastKnownFileType = sourcecode.c.objc; path = AppDelegate.m; sourceTree = "<group>"; };
		4CFCEC2F1CC0D9A300621DE6 /* ViewController.h */ = {isa = PBXFileReference; lastKnownFileType = sourcecode.c.h; path = ViewController.h; sourceTree = "<group>"; };
		4CFCEC301CC0D9A300621DE6 /* ViewController.m */ = {isa = PBXFileReference; lastKnownFileType = sourcecode.c.objc; path = ViewController.m; sourceTree = "<group>"; };
		4CFCEC351CC0D9A300621DE6 /* Assets.xcassets */ = {isa = PBXFileReference; lastKnownFileType = folder.assetcatalog; path = Assets.xcassets; sourceTree = "<group>"; };
		4CFCEC381CC0D9A300621DE6 /* Base */ = {isa = PBXFileReference; lastKnownFileType = file.storyboard; name = Base; path = Base.lproj/LaunchScreen.storyboard; sourceTree = "<group>"; };
		4CFCEC3A1CC0D9A300621DE6 /* Info.plist */ = {isa = PBXFileReference; lastKnownFileType = text.plist.xml; path = Info.plist; sourceTree = "<group>"; };
/* End PBXFileReference section */

/* Begin PBXFrameworksBuildPhase section */
		4CFCEC231CC0D9A300621DE6 /* Frameworks */ = {
			isa = PBXFrameworksBuildPhase;
			buildActionMask = 2147483647;
			files = (
				4C867A551CC0FC0D00C5115B /* opencv2.framework in Frameworks */,
			);
			runOnlyForDeploymentPostprocessing = 0;
		};
/* End PBXFrameworksBuildPhase section */

/* Begin PBXGroup section */
		4C867A531CC0FBF400C5115B /* Frameworks */ = {
			isa = PBXGroup;
			children = (
				4C867A541CC0FC0D00C5115B /* opencv2.framework */,
			);
			name = Frameworks;
			path = FoosballController;
			sourceTree = "<group>";
		};
		4CFCEC1D1CC0D9A300621DE6 = {
			isa = PBXGroup;
			children = (
				4CFCEC281CC0D9A300621DE6 /* FoosballController */,
				4C867A531CC0FBF400C5115B /* Frameworks */,
				4CFCEC291CC0D9A300621DE6 /* Supporting Files */,
				4CFCEC271CC0D9A300621DE6 /* Products */,
			);
			sourceTree = "<group>";
		};
		4CFCEC271CC0D9A300621DE6 /* Products */ = {
			isa = PBXGroup;
			children = (
				4CFCEC261CC0D9A300621DE6 /* FoosballController.app */,
			);
			name = Products;
			sourceTree = "<group>";
		};
		4CFCEC281CC0D9A300621DE6 /* FoosballController */ = {
			isa = PBXGroup;
			children = (
				4CFCEC421CC0D9C100621DE6 /* main */,
				4CFCEC411CC0D9BA00621DE6 /* Controllers */,
				4CFCEC301CC0D9A300621DE6 /* ViewController.m */,
				4CFCEC401CC0D9B500621DE6 /* Models */,
			);
			path = FoosballController;
			sourceTree = "<group>";
		};
		4CFCEC291CC0D9A300621DE6 /* Supporting Files */ = {
			isa = PBXGroup;
			children = (
				4CFCEC351CC0D9A300621DE6 /* Assets.xcassets */,
				4CFCEC371CC0D9A300621DE6 /* LaunchScreen.storyboard */,
				4CFCEC3A1CC0D9A300621DE6 /* Info.plist */,
				4CFCEC2A1CC0D9A300621DE6 /* main.m */,
			);
			name = "Supporting Files";
			path = FoosballController;
			sourceTree = "<group>";
		};
		4CFCEC401CC0D9B500621DE6 /* Models */ = {
			isa = PBXGroup;
			children = (
				4CFCEC441CC0D9F600621DE6 /* headers */,
			);
			name = Models;
			sourceTree = "<group>";
		};
		4CFCEC411CC0D9BA00621DE6 /* Controllers */ = {
			isa = PBXGroup;
			children = (
				4CFCEC431CC0D9F000621DE6 /* headers */,
			);
			name = Controllers;
			sourceTree = "<group>";
		};
		4CFCEC421CC0D9C100621DE6 /* main */ = {
			isa = PBXGroup;
			children = (
				4CFCEC2C1CC0D9A300621DE6 /* AppDelegate.h */,
				4CFCEC2D1CC0D9A300621DE6 /* AppDelegate.m */,
			);
			name = main;
			sourceTree = "<group>";
		};
		4CFCEC431CC0D9F000621DE6 /* headers */ = {
			isa = PBXGroup;
			children = (
				4CFCEC2F1CC0D9A300621DE6 /* ViewController.h */,
			);
			name = headers;
			sourceTree = "<group>";
		};
		4CFCEC441CC0D9F600621DE6 /* headers */ = {
			isa = PBXGroup;
			children = (
			);
			name = headers;
			sourceTree = "<group>";
		};
/* End PBXGroup section */

/* Begin PBXNativeTarget section */
		4CFCEC251CC0D9A300621DE6 /* FoosballController */ = {
			isa = PBXNativeTarget;
			buildConfigurationList = 4CFCEC3D1CC0D9A300621DE6 /* Build configuration list for PBXNativeTarget "FoosballController" */;
			buildPhases = (
				4CFCEC221CC0D9A300621DE6 /* Sources */,
				4CFCEC231CC0D9A300621DE6 /* Frameworks */,
				4CFCEC241CC0D9A300621DE6 /* Resources */,
			);
			buildRules = (
			);
			dependencies = (
			);
			name = FoosballController;
			productName = FoosballController;
			productReference = 4CFCEC261CC0D9A300621DE6 /* FoosballController.app */;
			productType = "com.apple.product-type.application";
		};
/* End PBXNativeTarget section */

/* Begin PBXProject section */
		4CFCEC1E1CC0D9A300621DE6 /* Project object */ = {
			isa = PBXProject;
			attributes = {
				LastUpgradeCheck = 0730;
				ORGANIZATIONNAME = "Michael Ozeryansky";
				TargetAttributes = {
					4CFCEC251CC0D9A300621DE6 = {
						CreatedOnToolsVersion = 7.3;
					};
				};
			};
			buildConfigurationList = 4CFCEC211CC0D9A300621DE6 /* Build configuration list for PBXProject "FoosballController" */;
			compatibilityVersion = "Xcode 3.2";
			developmentRegion = English;
			hasScannedForEncodings = 0;
			knownRegions = (
				en,
				Base,
			);
			mainGroup = 4CFCEC1D1CC0D9A300621DE6;
			productRefGroup = 4CFCEC271CC0D9A300621DE6 /* Products */;
			projectDirPath = "";
			projectRoot = "";
			targets = (
				4CFCEC251CC0D9A300621DE6 /* FoosballController */,
			);
		};
/* End PBXProject section */

/* Begin PBXResourcesBuildPhase section */
		4CFCEC241CC0D9A300621DE6 /* Resources */ = {
			isa = PBXResourcesBuildPhase;
			buildActionMask = 2147483647;
			files = (
				4CFCEC391CC0D9A300621DE6 /* LaunchScreen.storyboard in Resources */,
				4CFCEC361CC0D9A300621DE6 /* Assets.xcassets in Resources */,
			);
			runOnlyForDeploymentPostprocessing = 0;
		};
/* End PBXResourcesBuildPhase section */

/* Begin PBXSourcesBuildPhase section */
		4CFCEC221CC0D9A300621DE6 /* Sources */ = {
			isa = PBXSourcesBuildPhase;
			buildActionMask = 2147483647;
			files = (
				4CFCEC311CC0D9A300621DE6 /* ViewController.m in Sources */,
				4CFCEC2E1CC0D9A300621DE6 /* AppDelegate.m in Sources */,
				4CFCEC2B1CC0D9A300621DE6 /* main.m in Sources */,
			);
			runOnlyForDeploymentPostprocessing = 0;
		};
/* End PBXSourcesBuildPhase section */

/* Begin PBXVariantGroup section */
		4CFCEC371CC0D9A300621DE6 /* LaunchScreen.storyboard */ = {
			isa = PBXVariantGroup;
			children = (
				4CFCEC381CC0D9A300621DE6 /* Base */,
			);
			name = LaunchScreen.storyboard;
			sourceTree = "<group>";
		};
/* End PBXVariantGroup section */

/* Begin XCBuildConfiguration section */
		4CFCEC3B1CC0D9A300621DE6 /* Debug */ = {
			isa = XCBuildConfiguration;
			buildSettings = {
				ALWAYS_SEARCH_USER_PATHS = NO;
				CLANG_ANALYZER_NONNULL = YES;
				CLANG_CXX_LANGUAGE_STANDARD = "gnu++0x";
				CLANG_CXX_LIBRARY = "libc++";
				CLANG_ENABLE_MODULES = YES;
				CLANG_ENABLE_OBJC_ARC = YES;
				CLANG_WARN_BOOL_CONVERSION = YES;
				CLANG_WARN_CONSTANT_CONVERSION = YES;
				CLANG_WARN_DIRECT_OBJC_ISA_USAGE = YES_ERROR;
				CLANG_WARN_EMPTY_BODY = YES;
				CLANG_WARN_ENUM_CONVERSION = YES;
				CLANG_WARN_INT_CONVERSION = YES;
				CLANG_WARN_OBJC_ROOT_CLASS = YES_ERROR;
				CLANG_WARN_UNREACHABLE_CODE = YES;
				CLANG_WARN__DUPLICATE_METHOD_MATCH = YES;
				"CODE_SIGN_IDENTITY[sdk=iphoneos*]" = "iPhone Developer";
				COPY_PHASE_STRIP = NO;
				DEBUG_INFORMATION_FORMAT = dwarf;
				ENABLE_STRICT_OBJC_MSGSEND = YES;
				ENABLE_TESTABILITY = YES;
				GCC_C_LANGUAGE_STANDARD = gnu99;
				GCC_DYNAMIC_NO_PIC = NO;
				GCC_NO_COMMON_BLOCKS = YES;
				GCC_OPTIMIZATION_LEVEL = 0;
				GCC_PREPROCESSOR_DEFINITIONS = (
					"DEBUG=1",
					"$(inherited)",
				);
				GCC_WARN_64_TO_32_BIT_CONVERSION = YES;
				GCC_WARN_ABOUT_RETURN_TYPE = YES_ERROR;
				GCC_WARN_UNDECLARED_SELECTOR = YES;
				GCC_WARN_UNINITIALIZED_AUTOS = YES_AGGRESSIVE;
				GCC_WARN_UNUSED_FUNCTION = YES;
				GCC_WARN_UNUSED_VARIABLE = YES;
				IPHONEOS_DEPLOYMENT_TARGET = 9.3;
				MTL_ENABLE_DEBUG_INFO = YES;
				ONLY_ACTIVE_ARCH = YES;
				SDKROOT = iphoneos;
			};
			name = Debug;
		};
		4CFCEC3C1CC0D9A300621DE6 /* Release */ = {
			isa = XCBuildConfiguration;
			buildSettings = {
				ALWAYS_SEARCH_USER_PATHS = NO;
				CLANG_ANALYZER_NONNULL = YES;
				CLANG_CXX_LANGUAGE_STANDARD = "gnu++0x";
				CLANG_CXX_LIBRARY = "libc++";
				CLANG_ENABLE_MODULES = YES;
				CLANG_ENABLE_OBJC_ARC = YES;
				CLANG_WARN_BOOL_CONVERSION = YES;
				CLANG_WARN_CONSTANT_CONVERSION = YES;
				CLANG_WARN_DIRECT_OBJC_ISA_USAGE = YES_ERROR;
				CLANG_WARN_EMPTY_BODY = YES;
				CLANG_WARN_ENUM_CONVERSION = YES;
				CLANG_WARN_INT_CONVERSION = YES;
				CLANG_WARN_OBJC_ROOT_CLASS = YES_ERROR;
				CLANG_WARN_UNREACHABLE_CODE = YES;
				CLANG_WARN__DUPLICATE_METHOD_MATCH = YES;
				"CODE_SIGN_IDENTITY[sdk=iphoneos*]" = "iPhone Developer";
				COPY_PHASE_STRIP = NO;
				DEBUG_INFORMATION_FORMAT = "dwarf-with-dsym";
				ENABLE_NS_ASSERTIONS = NO;
				ENABLE_STRICT_OBJC_MSGSEND = YES;
				GCC_C_LANGUAGE_STANDARD = gnu99;
				GCC_NO_COMMON_BLOCKS = YES;
				GCC_WARN_64_TO_32_BIT_CONVERSION = YES;
				GCC_WARN_ABOUT_RETURN_TYPE = YES_ERROR;
				GCC_WARN_UNDECLARED_SELECTOR = YES;
				GCC_WARN_UNINITIALIZED_AUTOS = YES_AGGRESSIVE;
				GCC_WARN_UNUSED_FUNCTION = YES;
				GCC_WARN_UNUSED_VARIABLE = YES;
				IPHONEOS_DEPLOYMENT_TARGET = 9.3;
				MTL_ENABLE_DEBUG_INFO = NO;
				SDKROOT = iphoneos;
				VALIDATE_PRODUCT = YES;
			};
			name = Release;
		};
		4CFCEC3E1CC0D9A300621DE6 /* Debug */ = {
			isa = XCBuildConfiguration;
			buildSettings = {
				ASSETCATALOG_COMPILER_APPICON_NAME = AppIcon;
				FRAMEWORK_SEARCH_PATHS = (
					"$(inherited)",
					"$(PROJECT_DIR)/FoosballController",
				);
				GCC_PRECOMPILE_PREFIX_HEADER = NO;
				GCC_PREFIX_HEADER = "";
				INFOPLIST_FILE = FoosballController/Info.plist;
				LD_RUNPATH_SEARCH_PATHS = "$(inherited) @executable_path/Frameworks";
				PRODUCT_BUNDLE_IDENTIFIER = com.ozeryansky.FoosballController;
				PRODUCT_NAME = "$(TARGET_NAME)";
			};
			name = Debug;
		};
		4CFCEC3F1CC0D9A300621DE6 /* Release */ = {
			isa = XCBuildConfiguration;
			buildSettings = {
				ASSETCATALOG_COMPILER_APPICON_NAME = AppIcon;
				FRAMEWORK_SEARCH_PATHS = (
					"$(inherited)",
					"$(PROJECT_DIR)/FoosballController",
				);
				GCC_PRECOMPILE_PREFIX_HEADER = NO;
				GCC_PREFIX_HEADER = "";
				INFOPLIST_FILE = FoosballController/Info.plist;
				LD_RUNPATH_SEARCH_PATHS = "$(inherited) @executable_path/Frameworks";
				PRODUCT_BUNDLE_IDENTIFIER = com.ozeryansky.FoosballController;
				PRODUCT_NAME = "$(TARGET_NAME)";
			};
			name = Release;
		};
/* End XCBuildConfiguration section */

/* Begin XCConfigurationList section */
		4CFCEC211CC0D9A300621DE6 /* Build configuration list for PBXProject "FoosballController" */ = {
			isa = XCConfigurationList;
			buildConfigurations = (
				4CFCEC3B1CC0D9A300621DE6 /* Debug */,
				4CFCEC3C1CC0D9A300621DE6 /* Release */,
			);
			defaultConfigurationIsVisible = 0;
			defaultConfigurationName = Release;
		};
		4CFCEC3D1CC0D9A300621DE6 /* Build configuration list for PBXNativeTarget "FoosballController" */ = {
			isa = XCConfigurationList;
			buildConfigurations = (
				4CFCEC3E1CC0D9A300621DE6 /* Debug */,
				4CFCEC3F1CC0D9A300621DE6 /* Release */,
			);
			defaultConfigurationIsVisible = 0;
			defaultConfigurationName = Release;
		};
/* End XCConfigurationList section */
	};
	rootObject = 4CFCEC1E1CC0D9A300621DE6 /* Project object */;
}
